PODS:
  - ReusableKit (2.0.1):
    - ReusableKit/Core (= 2.0.1)
  - ReusableKit/Core (2.0.1)
  - RxCocoa (4.3.1):
    - RxSwift (~> 4.0)
  - RxReusable (0.3.1):
    - RxCocoa (>= 4.0)
    - RxSwift (>= 4.0)
  - RxSwift (4.3.1)
  - Then (2.4.0)

DEPENDENCIES:
  - ReusableKit
  - RxCocoa
  - RxReusable (from `../`)
  - RxSwift
  - Then

SPEC REPOS:
  https://github.com/cocoapods/specs.git:
    - ReusableKit
    - RxCocoa
    - RxSwift
    - Then

EXTERNAL SOURCES:
  RxReusable:
    :path: "../"

SPEC CHECKSUMS:
  ReusableKit: 11b5bde14553a35bcf3979412dbfd1e690392f14
  RxCocoa: 78763c7b07d02455598d9fc3c1ad091a28b73635
  RxReusable: d68b5d61c20ade5f3ded7bdadd2a527d5474d612
  RxSwift: fe0fd770a43acdb7d0a53da411c9b892e69bb6e4
  Then: 71866660c7af35a7343831f7668e7cd2b62ee0f2

PODFILE CHECKSUM: c4b392d28f62c96ab861d79285a6a1f7e3e2e527

COCOAPODS: 1.5.3
